
Microsoft Visual Studio Solution File, Format Version 12.00
# Visual Studio Version 17
VisualStudioVersion = 17.6.33723.286
MinimumVisualStudioVersion = 10.0.40219.1
Project("{9A19103F-16F7-4668-BE54-9A1E7A4F7556}") = "IdentityUsers", "IdentityUsers\IdentityUsers.csproj", "{CA90A3C9-14B2-4578-862F-6108EBA80848}"
EndProject
Global
	GlobalSection(SolutionConfigurationPlatforms) = preSolution
		Debug|Any CPU = Debug|Any CPU
		Release|Any CPU = Release|Any CPU
	EndGlobalSection
	GlobalSection(ProjectConfigurationPlatforms) = postSolution
		{CA90A3C9-14B2-4578-862F-6108EBA80848}.Debug|Any CPU.ActiveCfg = Debug|Any CPU
		{CA90A3C9-14B2-4578-862F-6108EBA80848}.Debug|Any CPU.Build.0 = Debug|Any CPU
		{CA90A3C9-14B2-4578-862F-6108EBA80848}.Release|Any CPU.ActiveCfg = Release|Any CPU
		{CA90A3C9-14B2-4578-862F-6108EBA80848}.Release|Any CPU.Build.0 = Release|Any CPU
	EndGlobalSection
	GlobalSection(SolutionProperties) = preSolution
		HideSolutionNode = FALSE
	EndGlobalSection
	GlobalSection(ExtensibilityGlobals) = postSolution
		SolutionGuid = {0D382C93-123F-46CC-8557-BC1AEFADF58B}
	EndGlobalSection
EndGlobal
